
Microsoft Visual Studio Solution File, Format Version 12.00
# Visual Studio Version 16
VisualStudioVersion = 16.0.29806.167
MinimumVisualStudioVersion = 10.0.40219.1
Project("{8BC9CEB8-8B4A-11D0-8D11-00A0C91BC942}") = "Memory_Test", "Memory_Test\Memory_Test.vcxproj", "{07D6C7FF-9AD7-446A-A288-1E19CCC59D24}"
EndProject
Global
	GlobalSection(SolutionConfigurationPlatforms) = preSolution
		Debug|x64 = Debug|x64
		Debug|x86 = Debug|x86
		Release|x64 = Release|x64
		Release|x86 = Release|x86
	EndGlobalSection
	GlobalSection(ProjectConfigurationPlatforms) = postSolution
		{07D6C7FF-9AD7-446A-A288-1E19CCC59D24}.Debug|x64.ActiveCfg = Debug|x64
		{07D6C7FF-9AD7-446A-A288-1E19CCC59D24}.Debug|x64.Build.0 = Debug|x64
		{07D6C7FF-9AD7-446A-A288-1E19CCC59D24}.Debug|x86.ActiveCfg = Debug|Win32
		{07D6C7FF-9AD7-446A-A288-1E19CCC59D24}.Debug|x86.Build.0 = Debug|Win32
		{07D6C7FF-9AD7-446A-A288-1E19CCC59D24}.Release|x64.ActiveCfg = Release|x64
		{07D6C7FF-9AD7-446A-A288-1E19CCC59D24}.Release|x64.Build.0 = Release|x64
		{07D6C7FF-9AD7-446A-A288-1E19CCC59D24}.Release|x86.ActiveCfg = Release|Win32
		{07D6C7FF-9AD7-446A-A288-1E19CCC59D24}.Release|x86.Build.0 = Release|Win32
	EndGlobalSection
	GlobalSection(SolutionProperties) = preSolution
		HideSolutionNode = FALSE
	EndGlobalSection
	GlobalSection(ExtensibilityGlobals) = postSolution
		SolutionGuid = {4C1E5913-3064-4882-9AC6-10C0BCC79D64}
	EndGlobalSection
EndGlobal
